// !$*UTF8*$!
{
	archiveVersion = 1;
	classes = {
	};
	objectVersion = 50;
	objects = {

/* Begin PBXBuildFile section */
		883F563F2700FDDA001AD463 /* Die.m in Sources */ = {isa = PBXBuildFile; fileRef = 883F563E2700FDDA001AD463 /* Die.m */; };
		889D36CF272E8E2F00953B8F /* Scorecard.m in Sources */ = {isa = PBXBuildFile; fileRef = 889D36CE272E8E2F00953B8F /* Scorecard.m */; };
		88AF2E5126F71E0000E5F0A6 /* AppDelegate.m in Sources */ = {isa = PBXBuildFile; fileRef = 88AF2E5026F71E0000E5F0A6 /* AppDelegate.m */; };
		88AF2E5826F71E0000E5F0A6 /* GameScene.m in Sources */ = {isa = PBXBuildFile; fileRef = 88AF2E5726F71E0000E5F0A6 /* GameScene.m */; };
		88AF2E5B26F71E0000E5F0A6 /* GameViewController.m in Sources */ = {isa = PBXBuildFile; fileRef = 88AF2E5A26F71E0000E5F0A6 /* GameViewController.m */; };
		88AF2E5E26F71E0000E5F0A6 /* Main.storyboard in Resources */ = {isa = PBXBuildFile; fileRef = 88AF2E5C26F71E0000E5F0A6 /* Main.storyboard */; };
		88AF2E6026F71E0100E5F0A6 /* Assets.xcassets in Resources */ = {isa = PBXBuildFile; fileRef = 88AF2E5F26F71E0100E5F0A6 /* Assets.xcassets */; };
		88AF2E6326F71E0100E5F0A6 /* LaunchScreen.storyboard in Resources */ = {isa = PBXBuildFile; fileRef = 88AF2E6126F71E0100E5F0A6 /* LaunchScreen.storyboard */; };
		88AF2E6626F71E0100E5F0A6 /* main.m in Sources */ = {isa = PBXBuildFile; fileRef = 88AF2E6526F71E0100E5F0A6 /* main.m */; };
		88AF2EAF26F7243600E5F0A6 /* Spritesheet.m in Sources */ = {isa = PBXBuildFile; fileRef = 88AF2EAE26F7243600E5F0A6 /* Spritesheet.m */; };
		88DAB56E2715F768006E9F2E /* res in Resources */ = {isa = PBXBuildFile; fileRef = 88DAB56C27138A2E006E9F2E /* res */; };
		88E1EC17270A3DD8002AD780 /* GameScene.sks in Resources */ = {isa = PBXBuildFile; fileRef = 88E1EC15270A3DD8002AD780 /* GameScene.sks */; };
/* End PBXBuildFile section */

/* Begin PBXFileReference section */
		883F563D2700FDDA001AD463 /* Die.h */ = {isa = PBXFileReference; lastKnownFileType = sourcecode.c.h; path = Die.h; sourceTree = "<group>"; };
		883F563E2700FDDA001AD463 /* Die.m */ = {isa = PBXFileReference; lastKnownFileType = sourcecode.c.objc; path = Die.m; sourceTree = "<group>"; };
		889D36CD272E8E2F00953B8F /* Scorecard.h */ = {isa = PBXFileReference; lastKnownFileType = sourcecode.c.h; path = Scorecard.h; sourceTree = "<group>"; };
		889D36CE272E8E2F00953B8F /* Scorecard.m */ = {isa = PBXFileReference; lastKnownFileType = sourcecode.c.objc; path = Scorecard.m; sourceTree = "<group>"; };
		88AF2E4C26F71E0000E5F0A6 /* yatch.app */ = {isa = PBXFileReference; explicitFileType = wrapper.application; includeInIndex = 0; path = yatch.app; sourceTree = BUILT_PRODUCTS_DIR; };
		88AF2E4F26F71E0000E5F0A6 /* AppDelegate.h */ = {isa = PBXFileReference; lastKnownFileType = sourcecode.c.h; path = AppDelegate.h; sourceTree = "<group>"; };
		88AF2E5026F71E0000E5F0A6 /* AppDelegate.m */ = {isa = PBXFileReference; lastKnownFileType = sourcecode.c.objc; path = AppDelegate.m; sourceTree = "<group>"; };
		88AF2E5626F71E0000E5F0A6 /* GameScene.h */ = {isa = PBXFileReference; lastKnownFileType = sourcecode.c.h; path = GameScene.h; sourceTree = "<group>"; };
		88AF2E5726F71E0000E5F0A6 /* GameScene.m */ = {isa = PBXFileReference; lastKnownFileType = sourcecode.c.objc; path = GameScene.m; sourceTree = "<group>"; };
		88AF2E5926F71E0000E5F0A6 /* GameViewController.h */ = {isa = PBXFileReference; lastKnownFileType = sourcecode.c.h; path = GameViewController.h; sourceTree = "<group>"; };
		88AF2E5A26F71E0000E5F0A6 /* GameViewController.m */ = {isa = PBXFileReference; lastKnownFileType = sourcecode.c.objc; path = GameViewController.m; sourceTree = "<group>"; };
		88AF2E5D26F71E0000E5F0A6 /* Base */ = {isa = PBXFileReference; lastKnownFileType = file.storyboard; name = Base; path = Base.lproj/Main.storyboard; sourceTree = "<group>"; };
		88AF2E5F26F71E0100E5F0A6 /* Assets.xcassets */ = {isa = PBXFileReference; lastKnownFileType = folder.assetcatalog; path = Assets.xcassets; sourceTree = "<group>"; };
		88AF2E6226F71E0100E5F0A6 /* Base */ = {isa = PBXFileReference; lastKnownFileType = file.storyboard; name = Base; path = Base.lproj/LaunchScreen.storyboard; sourceTree = "<group>"; };
		88AF2E6426F71E0100E5F0A6 /* Info.plist */ = {isa = PBXFileReference; lastKnownFileType = text.plist.xml; path = Info.plist; sourceTree = "<group>"; };
		88AF2E6526F71E0100E5F0A6 /* main.m */ = {isa = PBXFileReference; lastKnownFileType = sourcecode.c.objc; path = main.m; sourceTree = "<group>"; };
		88AF2EAD26F7243600E5F0A6 /* Spritesheet.h */ = {isa = PBXFileReference; lastKnownFileType = sourcecode.c.h; path = Spritesheet.h; sourceTree = "<group>"; };
		88AF2EAE26F7243600E5F0A6 /* Spritesheet.m */ = {isa = PBXFileReference; lastKnownFileType = sourcecode.c.objc; path = Spritesheet.m; sourceTree = "<group>"; };
		88DAB56C27138A2E006E9F2E /* res */ = {isa = PBXFileReference; lastKnownFileType = folder; path = res; sourceTree = "<group>"; };
		88E1EC15270A3DD8002AD780 /* GameScene.sks */ = {isa = PBXFileReference; lastKnownFileType = file.sks; path = GameScene.sks; sourceTree = "<group>"; };
/* End PBXFileReference section */

/* Begin PBXFrameworksBuildPhase section */
		88AF2E4926F71E0000E5F0A6 /* Frameworks */ = {
			isa = PBXFrameworksBuildPhase;
			buildActionMask = 2147483647;
			files = (
			);
			runOnlyForDeploymentPostprocessing = 0;
		};
/* End PBXFrameworksBuildPhase section */

/* Begin PBXGroup section */
		88AF2E4326F71E0000E5F0A6 = {
			isa = PBXGroup;
			children = (
				88AF2E4E26F71E0000E5F0A6 /* yatch */,
				88AF2E4D26F71E0000E5F0A6 /* Products */,
			);
			sourceTree = "<group>";
		};
		88AF2E4D26F71E0000E5F0A6 /* Products */ = {
			isa = PBXGroup;
			children = (
				88AF2E4C26F71E0000E5F0A6 /* yatch.app */,
			);
			name = Products;
			sourceTree = "<group>";
		};
		88AF2E4E26F71E0000E5F0A6 /* yatch */ = {
			isa = PBXGroup;
			children = (
				88DAB56C27138A2E006E9F2E /* res */,
				88E1EC13270A3B65002AD780 /* base */,
				88AF2E5626F71E0000E5F0A6 /* GameScene.h */,
				88AF2E5726F71E0000E5F0A6 /* GameScene.m */,
				88AF2EAD26F7243600E5F0A6 /* Spritesheet.h */,
				88AF2EAE26F7243600E5F0A6 /* Spritesheet.m */,
				883F563D2700FDDA001AD463 /* Die.h */,
				883F563E2700FDDA001AD463 /* Die.m */,
				88AF2E6426F71E0100E5F0A6 /* Info.plist */,
				889D36CD272E8E2F00953B8F /* Scorecard.h */,
				889D36CE272E8E2F00953B8F /* Scorecard.m */,
			);
			path = yatch;
			sourceTree = "<group>";
		};
		88E1EC13270A3B65002AD780 /* base */ = {
			isa = PBXGroup;
			children = (
				88E1EC15270A3DD8002AD780 /* GameScene.sks */,
				88AF2E6526F71E0100E5F0A6 /* main.m */,
				88AF2E4F26F71E0000E5F0A6 /* AppDelegate.h */,
				88AF2E5026F71E0000E5F0A6 /* AppDelegate.m */,
				88AF2E5926F71E0000E5F0A6 /* GameViewController.h */,
				88AF2E5A26F71E0000E5F0A6 /* GameViewController.m */,
				88AF2E5C26F71E0000E5F0A6 /* Main.storyboard */,
				88AF2E5F26F71E0100E5F0A6 /* Assets.xcassets */,
				88AF2E6126F71E0100E5F0A6 /* LaunchScreen.storyboard */,
			);
			path = base;
			sourceTree = "<group>";
		};
/* End PBXGroup section */

/* Begin PBXNativeTarget section */
		88AF2E4B26F71E0000E5F0A6 /* yatch */ = {
			isa = PBXNativeTarget;
			buildConfigurationList = 88AF2E6926F71E0100E5F0A6 /* Build configuration list for PBXNativeTarget "yatch" */;
			buildPhases = (
				88AF2E4826F71E0000E5F0A6 /* Sources */,
				88AF2E4926F71E0000E5F0A6 /* Frameworks */,
				88AF2E4A26F71E0000E5F0A6 /* Resources */,
			);
			buildRules = (
			);
			dependencies = (
			);
			name = yatch;
			productName = yatch;
			productReference = 88AF2E4C26F71E0000E5F0A6 /* yatch.app */;
			productType = "com.apple.product-type.application";
		};
/* End PBXNativeTarget section */

/* Begin PBXProject section */
		88AF2E4426F71E0000E5F0A6 /* Project object */ = {
			isa = PBXProject;
			attributes = {
				LastUpgradeCheck = 1300;
				ORGANIZATIONNAME = "Rory B. Bellows";
				TargetAttributes = {
					88AF2E4B26F71E0000E5F0A6 = {
						CreatedOnToolsVersion = 11.3.1;
					};
				};
			};
			buildConfigurationList = 88AF2E4726F71E0000E5F0A6 /* Build configuration list for PBXProject "yatch" */;
			compatibilityVersion = "Xcode 9.3";
			developmentRegion = en;
			hasScannedForEncodings = 0;
			knownRegions = (
				en,
				Base,
			);
			mainGroup = 88AF2E4326F71E0000E5F0A6;
			productRefGroup = 88AF2E4D26F71E0000E5F0A6 /* Products */;
			projectDirPath = "";
			projectRoot = "";
			targets = (
				88AF2E4B26F71E0000E5F0A6 /* yatch */,
			);
		};
/* End PBXProject section */

/* Begin PBXResourcesBuildPhase section */
		88AF2E4A26F71E0000E5F0A6 /* Resources */ = {
			isa = PBXResourcesBuildPhase;
			buildActionMask = 2147483647;
			files = (
				88DAB56E2715F768006E9F2E /* res in Resources */,
				88AF2E5E26F71E0000E5F0A6 /* Main.storyboard in Resources */,
				88E1EC17270A3DD8002AD780 /* GameScene.sks in Resources */,
				88AF2E6026F71E0100E5F0A6 /* Assets.xcassets in Resources */,
				88AF2E6326F71E0100E5F0A6 /* LaunchScreen.storyboard in Resources */,
			);
			runOnlyForDeploymentPostprocessing = 0;
		};
/* End PBXResourcesBuildPhase section */

/* Begin PBXSourcesBuildPhase section */
		88AF2E4826F71E0000E5F0A6 /* Sources */ = {
			isa = PBXSourcesBuildPhase;
			buildActionMask = 2147483647;
			files = (
				883F563F2700FDDA001AD463 /* Die.m in Sources */,
				889D36CF272E8E2F00953B8F /* Scorecard.m in Sources */,
				88AF2E5826F71E0000E5F0A6 /* GameScene.m in Sources */,
				88AF2E5B26F71E0000E5F0A6 /* GameViewController.m in Sources */,
				88AF2E6626F71E0100E5F0A6 /* main.m in Sources */,
				88AF2EAF26F7243600E5F0A6 /* Spritesheet.m in Sources */,
				88AF2E5126F71E0000E5F0A6 /* AppDelegate.m in Sources */,
			);
			runOnlyForDeploymentPostprocessing = 0;
		};
/* End PBXSourcesBuildPhase section */

/* Begin PBXVariantGroup section */
		88AF2E5C26F71E0000E5F0A6 /* Main.storyboard */ = {
			isa = PBXVariantGroup;
			children = (
				88AF2E5D26F71E0000E5F0A6 /* Base */,
			);
			name = Main.storyboard;
			sourceTree = "<group>";
		};
		88AF2E6126F71E0100E5F0A6 /* LaunchScreen.storyboard */ = {
			isa = PBXVariantGroup;
			children = (
				88AF2E6226F71E0100E5F0A6 /* Base */,
			);
			name = LaunchScreen.storyboard;
			sourceTree = "<group>";
		};
/* End PBXVariantGroup section */

/* Begin XCBuildConfiguration section */
		88AF2E6726F71E0100E5F0A6 /* Debug */ = {
			isa = XCBuildConfiguration;
			buildSettings = {
				ALWAYS_SEARCH_USER_PATHS = NO;
				CLANG_ANALYZER_NONNULL = YES;
				CLANG_ANALYZER_NUMBER_OBJECT_CONVERSION = YES_AGGRESSIVE;
				CLANG_CXX_LANGUAGE_STANDARD = "gnu++14";
				CLANG_CXX_LIBRARY = "libc++";
				CLANG_ENABLE_MODULES = YES;
				CLANG_ENABLE_OBJC_ARC = YES;
				CLANG_ENABLE_OBJC_WEAK = YES;
				CLANG_WARN_BLOCK_CAPTURE_AUTORELEASING = YES;
				CLANG_WARN_BOOL_CONVERSION = YES;
				CLANG_WARN_COMMA = YES;
				CLANG_WARN_CONSTANT_CONVERSION = YES;
				CLANG_WARN_DEPRECATED_OBJC_IMPLEMENTATIONS = YES;
				CLANG_WARN_DIRECT_OBJC_ISA_USAGE = YES_ERROR;
				CLANG_WARN_DOCUMENTATION_COMMENTS = YES;
				CLANG_WARN_EMPTY_BODY = YES;
				CLANG_WARN_ENUM_CONVERSION = YES;
				CLANG_WARN_INFINITE_RECURSION = YES;
				CLANG_WARN_INT_CONVERSION = YES;
				CLANG_WARN_NON_LITERAL_NULL_CONVERSION = YES;
				CLANG_WARN_OBJC_IMPLICIT_RETAIN_SELF = YES;
				CLANG_WARN_OBJC_LITERAL_CONVERSION = YES;
				CLANG_WARN_OBJC_ROOT_CLASS = YES_ERROR;
				CLANG_WARN_QUOTED_INCLUDE_IN_FRAMEWORK_HEADER = YES;
				CLANG_WARN_RANGE_LOOP_ANALYSIS = YES;
				CLANG_WARN_STRICT_PROTOTYPES = YES;
				CLANG_WARN_SUSPICIOUS_MOVE = YES;
				CLANG_WARN_UNGUARDED_AVAILABILITY = YES_AGGRESSIVE;
				CLANG_WARN_UNREACHABLE_CODE = YES;
				CLANG_WARN__DUPLICATE_METHOD_MATCH = YES;
				COPY_PHASE_STRIP = NO;
				DEBUG_INFORMATION_FORMAT = dwarf;
				ENABLE_STRICT_OBJC_MSGSEND = YES;
				ENABLE_TESTABILITY = YES;
				GCC_C_LANGUAGE_STANDARD = gnu11;
				GCC_DYNAMIC_NO_PIC = NO;
				GCC_NO_COMMON_BLOCKS = YES;
				GCC_OPTIMIZATION_LEVEL = 0;
				GCC_PREPROCESSOR_DEFINITIONS = (
					"DEBUG=1",
					"$(inherited)",
				);
				GCC_WARN_64_TO_32_BIT_CONVERSION = YES;
				GCC_WARN_ABOUT_RETURN_TYPE = YES_ERROR;
				GCC_WARN_UNDECLARED_SELECTOR = YES;
				GCC_WARN_UNINITIALIZED_AUTOS = YES_AGGRESSIVE;
				GCC_WARN_UNUSED_FUNCTION = YES;
				GCC_WARN_UNUSED_VARIABLE = YES;
				IPHONEOS_DEPLOYMENT_TARGET = 13.2;
				MTL_ENABLE_DEBUG_INFO = INCLUDE_SOURCE;
				MTL_FAST_MATH = YES;
				ONLY_ACTIVE_ARCH = YES;
				SDKROOT = iphoneos;
			};
			name = Debug;
		};
		88AF2E6826F71E0100E5F0A6 /* Release */ = {
			isa = XCBuildConfiguration;
			buildSettings = {
				ALWAYS_SEARCH_USER_PATHS = NO;
				CLANG_ANALYZER_NONNULL = YES;
				CLANG_ANALYZER_NUMBER_OBJECT_CONVERSION = YES_AGGRESSIVE;
				CLANG_CXX_LANGUAGE_STANDARD = "gnu++14";
				CLANG_CXX_LIBRARY = "libc++";
				CLANG_ENABLE_MODULES = YES;
				CLANG_ENABLE_OBJC_ARC = YES;
				CLANG_ENABLE_OBJC_WEAK = YES;
				CLANG_WARN_BLOCK_CAPTURE_AUTORELEASING = YES;
				CLANG_WARN_BOOL_CONVERSION = YES;
				CLANG_WARN_COMMA = YES;
				CLANG_WARN_CONSTANT_CONVERSION = YES;
				CLANG_WARN_DEPRECATED_OBJC_IMPLEMENTATIONS = YES;
				CLANG_WARN_DIRECT_OBJC_ISA_USAGE = YES_ERROR;
				CLANG_WARN_DOCUMENTATION_COMMENTS = YES;
				CLANG_WARN_EMPTY_BODY = YES;
				CLANG_WARN_ENUM_CONVERSION = YES;
				CLANG_WARN_INFINITE_RECURSION = YES;
				CLANG_WARN_INT_CONVERSION = YES;
				CLANG_WARN_NON_LITERAL_NULL_CONVERSION = YES;
				CLANG_WARN_OBJC_IMPLICIT_RETAIN_SELF = YES;
				CLANG_WARN_OBJC_LITERAL_CONVERSION = YES;
				CLANG_WARN_OBJC_ROOT_CLASS = YES_ERROR;
				CLANG_WARN_QUOTED_INCLUDE_IN_FRAMEWORK_HEADER = YES;
				CLANG_WARN_RANGE_LOOP_ANALYSIS = YES;
				CLANG_WARN_STRICT_PROTOTYPES = YES;
				CLANG_WARN_SUSPICIOUS_MOVE = YES;
				CLANG_WARN_UNGUARDED_AVAILABILITY = YES_AGGRESSIVE;
				CLANG_WARN_UNREACHABLE_CODE = YES;
				CLANG_WARN__DUPLICATE_METHOD_MATCH = YES;
				COPY_PHASE_STRIP = NO;
				DEBUG_INFORMATION_FORMAT = "dwarf-with-dsym";
				ENABLE_NS_ASSERTIONS = NO;
				ENABLE_STRICT_OBJC_MSGSEND = YES;
				GCC_C_LANGUAGE_STANDARD = gnu11;
				GCC_NO_COMMON_BLOCKS = YES;
				GCC_WARN_64_TO_32_BIT_CONVERSION = YES;
				GCC_WARN_ABOUT_RETURN_TYPE = YES_ERROR;
				GCC_WARN_UNDECLARED_SELECTOR = YES;
				GCC_WARN_UNINITIALIZED_AUTOS = YES_AGGRESSIVE;
				GCC_WARN_UNUSED_FUNCTION = YES;
				GCC_WARN_UNUSED_VARIABLE = YES;
				IPHONEOS_DEPLOYMENT_TARGET = 13.2;
				MTL_ENABLE_DEBUG_INFO = NO;
				MTL_FAST_MATH = YES;
				SDKROOT = iphoneos;
				VALIDATE_PRODUCT = YES;
			};
			name = Release;
		};
		88AF2E6A26F71E0100E5F0A6 /* Debug */ = {
			isa = XCBuildConfiguration;
			buildSettings = {
				ASSETCATALOG_COMPILER_APPICON_NAME = AppIcon;
				CODE_SIGN_STYLE = Automatic;
				DEVELOPMENT_TEAM = NFQNCB9J9Y;
				INFOPLIST_FILE = yatch/Info.plist;
				LD_RUNPATH_SEARCH_PATHS = (
					"$(inherited)",
					"@executable_path/Frameworks",
				);
				PRODUCT_BUNDLE_IDENTIFIER = takeiteasy.yatch;
				PRODUCT_NAME = "$(TARGET_NAME)";
				SUPPORTED_PLATFORMS = "iphoneos iphonesimulator";
				SUPPORTS_MACCATALYST = NO;
				SUPPORTS_MAC_DESIGNED_FOR_IPHONE_IPAD = NO;
				TARGETED_DEVICE_FAMILY = 1;
			};
			name = Debug;
		};
		88AF2E6B26F71E0100E5F0A6 /* Release */ = {
			isa = XCBuildConfiguration;
			buildSettings = {
				ASSETCATALOG_COMPILER_APPICON_NAME = AppIcon;
				CODE_SIGN_STYLE = Automatic;
				DEVELOPMENT_TEAM = NFQNCB9J9Y;
				INFOPLIST_FILE = yatch/Info.plist;
				LD_RUNPATH_SEARCH_PATHS = (
					"$(inherited)",
					"@executable_path/Frameworks",
				);
				PRODUCT_BUNDLE_IDENTIFIER = takeiteasy.yatch;
				PRODUCT_NAME = "$(TARGET_NAME)";
				SUPPORTED_PLATFORMS = "iphoneos iphonesimulator";
				SUPPORTS_MACCATALYST = NO;
				SUPPORTS_MAC_DESIGNED_FOR_IPHONE_IPAD = NO;
				TARGETED_DEVICE_FAMILY = 1;
			};
			name = Release;
		};
/* End XCBuildConfiguration section */

/* Begin XCConfigurationList section */
		88AF2E4726F71E0000E5F0A6 /* Build configuration list for PBXProject "yatch" */ = {
			isa = XCConfigurationList;
			buildConfigurations = (
				88AF2E6726F71E0100E5F0A6 /* Debug */,
				88AF2E6826F71E0100E5F0A6 /* Release */,
			);
			defaultConfigurationIsVisible = 0;
			defaultConfigurationName = Release;
		};
		88AF2E6926F71E0100E5F0A6 /* Build configuration list for PBXNativeTarget "yatch" */ = {
			isa = XCConfigurationList;
			buildConfigurations = (
				88AF2E6A26F71E0100E5F0A6 /* Debug */,
				88AF2E6B26F71E0100E5F0A6 /* Release */,
			);
			defaultConfigurationIsVisible = 0;
			defaultConfigurationName = Release;
		};
/* End XCConfigurationList section */
	};
	rootObject = 88AF2E4426F71E0000E5F0A6 /* Project object */;
}
